Microsoft Visual Studio Solution File, Format Version 12.00
# Visual Studio Version 17
VisualStudioVersion = 17.5.2.0
MinimumVisualStudioVersion = 10.0.40219.1
Project("{FAE04EC0-301F-11D3-BF4B-00C04F79EFBC}") = "Arcturus", "Arcturus.csproj", "{A6F28ABF-4A15-3F8A-4FAA-5C2D3F234AF0}"
EndProject
Global
	GlobalSection(SolutionConfigurationPlatforms) = preSolution
		Debug|Any CPU = Debug|Any CPU
		Release|Any CPU = Release|Any CPU
	EndGlobalSection
	GlobalSection(ProjectConfigurationPlatforms) = postSolution
		{A6F28ABF-4A15-3F8A-4FAA-5C2D3F234AF0}.Debug|Any CPU.ActiveCfg = Debug|Any CPU
		{A6F28ABF-4A15-3F8A-4FAA-5C2D3F234AF0}.Debug|Any CPU.Build.0 = Debug|Any CPU
		{A6F28ABF-4A15-3F8A-4FAA-5C2D3F234AF0}.Release|Any CPU.ActiveCfg = Release|Any CPU
		{A6F28ABF-4A15-3F8A-4FAA-5C2D3F234AF0}.Release|Any CPU.Build.0 = Release|Any CPU
	EndGlobalSection
	GlobalSection(SolutionProperties) = preSolution
		HideSolutionNode = FALSE
	EndGlobalSection
	GlobalSection(ExtensibilityGlobals) = postSolution
		SolutionGuid = {C9130B60-294A-421D-885A-126F29B6C1CC}
	EndGlobalSection
EndGlobal
